{
  "name": "client",
  "version": "1.0.0",
  "lockfileVersion": 3,
  "requires": true,
  "packages": {
    "": {
      "name": "client",
      "version": "1.0.0",
      "dependencies": {
        "@tanstack/react-query": "^5.56.2",
        "axios": "^1.7.7",
        "lucide-react": "^0.447.0",
        "react": "^18.3.1",
        "react-barcode": "^1.6.1",
        "react-dom": "^18.3.1",
        "react-hot-toast": "^2.6.0",
        "react-router-dom": "^6.26.2",
        "recharts": "^2.12.7",
        "sonner": "^2.0.7",
        "xlsx": "^0.18.5"
      },
      "devDependencies": {
        "@vitejs/plugin-react": "^4.3.1",
        "autoprefixer": "^10.4.20",
        "postcss": "^8.4.47",
        "tailwindcss": "^3.4.13",
        "vite": "^5.4.8"
      }
    },
    "../node_modules/.pnpm/@tanstack+react-query@5.100.10_react@18.3.1/node_modules/@tanstack/react-query": {
      "version": "5.100.10",
      "license": "MIT",
      "dependencies": {
        "@tanstack/query-core": "5.100.10"
      },
      "devDependencies": {
        "@tanstack/query-persist-client-core": "5.100.10",
        "@tanstack/query-test-utils": "0.0.0",
        "@testing-library/react": "^16.1.0",
        "@testing-library/react-render-stream": "^2.0.2",
        "@types/react": "^19.2.7",
        "@types/react-dom": "^19.2.3",
        "@vitejs/plugin-react": "^4.3.4",
        "cpy-cli": "^5.0.0",
        "npm-run-all2": "^5.0.0",
        "react": "^19.2.1",
        "react-dom": "^19.2.1",
        "react-error-boundary": "^4.1.2"
      },
      "funding": {
        "type": "github",
        "url": "https://github.com/sponsors/tannerlinsley"
      },
      "peerDependencies": {
        "react": "^18 || ^19"
      }
    },
    "../node_modules/.pnpm/@vitejs+plugin-react@4.7.0_vite@5.4.21/node_modules/@vitejs/plugin-react": {
      "version": "4.7.0",
      "dev": true,
      "license": "MIT",
      "dependencies": {
        "@babel/core": "^7.28.0",
        "@babel/plugin-transform-react-jsx-self": "^7.27.1",
        "@babel/plugin-transform-react-jsx-source": "^7.27.1",
        "@rolldown/pluginutils": "1.0.0-beta.27",
        "@types/babel__core": "^7.20.5",
        "react-refresh": "^0.17.0"
      },
      "devDependencies": {
        "@vitejs/react-common": "workspace:*",
        "babel-plugin-react-compiler": "19.1.0-rc.2",
        "react": "^19.1.0",
        "react-dom": "^19.1.0",
        "rolldown": "1.0.0-beta.27",
        "tsdown": "^0.12.9",
        "vitest": "^3.2.4"
      },
      "engines": {
        "node": "^14.18.0 || >=16.0.0"
      },
      "peerDependencies": {
        "vite": "^4.2.0 || ^5.0.0 || ^6.0.0 || ^7.0.0"
      }
    },
    "../node_modules/.pnpm/autoprefixer@10.5.0_postcss@8.5.14/node_modules/autoprefixer": {
      "version": "10.5.0",
      "dev": true,
      "funding": [
        {
          "type": "opencollective",
          "url": "https://opencollective.com/postcss/"
        },
        {
          "type": "tidelift",
          "url": "https://tidelift.com/funding/github/npm/autoprefixer"
        },
        {
          "type": "github",
          "url": "https://github.com/sponsors/ai"
        }
      ],
      "license": "MIT",
      "dependencies": {
        "browserslist": "^4.28.2",
        "caniuse-lite": "^1.0.30001787",
        "fraction.js": "^5.3.4",
        "picocolors": "^1.1.1",
        "postcss-value-parser": "^4.2.0"
      },
      "bin": {
        "autoprefixer": "bin/autoprefixer"
      },
      "engines": {
        "node": "^10 || ^12 || >=14"
      },
      "peerDependencies": {
        "postcss": "^8.1.0"
      }
    },
    "../node_modules/.pnpm/axios@1.16.1/node_modules/axios": {
      "version": "1.16.1",
      "license": "MIT",
      "dependencies": {
        "follow-redirects": "^1.16.0",
        "form-data": "^4.0.5",
        "https-proxy-agent": "^5.0.1",
        "proxy-from-env": "^2.1.0"
      },
      "devDependencies": {
        "@babel/core": "^7.29.0",
        "@babel/preset-env": "^7.29.2",
        "@commitlint/cli": "^20.5.0",
        "@commitlint/config-conventional": "^20.5.0",
        "@eslint/js": "^10.0.1",
        "@rollup/plugin-alias": "^6.0.0",
        "@rollup/plugin-babel": "^7.0.0",
        "@rollup/plugin-commonjs": "^29.0.2",
        "@rollup/plugin-json": "^6.1.0",
        "@rollup/plugin-node-resolve": "^16.0.3",
        "@rollup/plugin-terser": "^1.0.0",
        "@vitest/browser": "^4.1.5",
        "@vitest/browser-playwright": "^4.1.5",
        "abortcontroller-polyfill": "^1.7.8",
        "acorn": "^8.16.0",
        "body-parser": "^2.2.2",
        "chalk": "^5.6.2",
        "cross-env": "^10.1.0",
        "dev-null": "^0.1.1",
        "eslint": "^10.2.1",
        "express": "^5.2.1",
        "formdata-node": "^6.0.3",
        "formidable": "^3.5.4",
        "fs-extra": "^11.3.4",
        "get-stream": "^9.0.1",
        "globals": "^17.5.0",
        "gulp": "^5.0.1",
        "husky": "^9.1.7",
        "lint-staged": "^16.4.0",
        "minimist": "^1.2.8",
        "multer": "^2.1.1",
        "playwright": "^1.59.1",
        "prettier": "^3.8.3",
        "rollup": "^4.60.2",
        "rollup-plugin-bundle-size": "^1.0.3",
        "selfsigned": "^5.5.0",
        "stream-throttle": "^0.1.3",
        "typescript": "^5.9.3",
        "vitest": "^4.1.5"
      }
    },
    "../node_modules/.pnpm/lucide-react@0.447.0_react@18.3.1/node_modules/lucide-react": {
      "version": "0.447.0",
      "license": "ISC",
      "devDependencies": {
        "@lucide/build-icons": "1.1.0",
        "@lucide/rollup-plugins": "1.0.0",
        "@lucide/shared": "1.0.0",
        "@testing-library/jest-dom": "^6.1.6",
        "@testing-library/react": "^14.1.2",
        "@types/react": "^18.2.37",
        "@vitejs/plugin-react": "^4.2.1",
        "jest-serializer-html": "^7.1.0",
        "react": "18.2.0",
        "react-dom": "18.2.0",
        "rollup": "^4.9.2",
        "rollup-plugin-dts": "^6.1.0",
        "typescript": "^4.9.5",
        "vite": "5.0.13",
        "vitest": "^1.1.1"
      },
      "peerDependencies": {
        "react": "^16.5.1 || ^17.0.0 || ^18.0.0 || ^19.0.0-rc"
      }
    },
    "../node_modules/.pnpm/postcss@8.5.14/node_modules/postcss": {
      "version": "8.5.14",
      "dev": true,
      "funding": [
        {
          "type": "opencollective",
          "url": "https://opencollective.com/postcss/"
        },
        {
          "type": "tidelift",
          "url": "https://tidelift.com/funding/github/npm/postcss"
        },
        {
          "type": "github",
          "url": "https://github.com/sponsors/ai"
        }
      ],
      "license": "MIT",
      "dependencies": {
        "nanoid": "^3.3.11",
        "picocolors": "^1.1.1",
        "source-map-js": "^1.2.1"
      },
      "engines": {
        "node": "^10 || ^12 || >=14"
      }
    },
    "../node_modules/.pnpm/react-barcode@1.6.1_react@18.3.1/node_modules/react-barcode": {
      "version": "1.6.1",
      "license": "ISC",
      "dependencies": {
        "jsbarcode": "^3.8.0",
        "prop-types": "^15.6.2"
      },
      "devDependencies": {
        "@babel/cli": "7.7.0",
        "@babel/core": "7.7.2",
        "@babel/preset-env": "7.7.1",
        "@babel/preset-react": "7.7.0",
        "babel-eslint": "^10.0.3",
        "babelify": "^10.0.0",
        "browserify": "^16.5.0",
        "eslint": "^4.18.2",
        "eslint-plugin-react": "^3.5.1",
        "react": "^17.0.0",
        "react-dom": "^17.0.0"
      },
      "peerDependencies": {
        "react": "16 - 19"
      }
    },
    "../node_modules/.pnpm/react-dom@18.3.1_react@18.3.1/node_modules/react-dom": {
      "version": "18.3.1",
      "license": "MIT",
      "dependencies": {
        "loose-envify": "^1.1.0",
        "scheduler": "^0.23.2"
      },
      "peerDependencies": {
        "react": "^18.3.1"
      }
    },
    "../node_modules/.pnpm/react-hot-toast@2.6.0_react_ded90e1b846baadbbbfd259e63483099/node_modules/react-hot-toast": {
      "version": "2.6.0",
      "license": "MIT",
      "dependencies": {
        "csstype": "^3.1.3",
        "goober": "^2.1.16"
      },
      "devDependencies": {
        "@jest/types": "^29.6.3",
        "@size-limit/preset-small-lib": "^7.0.8",
        "@testing-library/jest-dom": "^6.6.3",
        "@testing-library/react": "^16.1.0",
        "@types/jest": "^29.5.14",
        "@types/react": "^18.3.18",
        "@types/react-dom": "^18.3.5",
        "esbuild-minify-templates": "^0.13.1",
        "jest": "^29.7.0",
        "jest-environment-jsdom": "^29.7.0",
        "prettier": "^2.8.8",
        "react": "^18.3.1",
        "react-dom": "^18.3.1",
        "size-limit": "^7.0.8",
        "ts-jest": "^29.2.5",
        "tslib": "^2.8.1",
        "tsup": "^6.7.0",
        "typescript": "^5.7.2"
      },
      "engines": {
        "node": ">=10"
      },
      "peerDependencies": {
        "react": ">=16",
        "react-dom": ">=16"
      }
    },
    "../node_modules/.pnpm/react-router-dom@6.30.3_rea_8738f2f356869a9d467b32612b8c1bd5/node_modules/react-router-dom": {
      "version": "6.30.3",
      "license": "MIT",
      "dependencies": {
        "@remix-run/router": "1.23.2",
        "react-router": "6.30.3"
      },
      "devDependencies": {
        "react": "^18.2.0",
        "react-dom": "^18.2.0"
      },
      "engines": {
        "node": ">=14.0.0"
      },
      "peerDependencies": {
        "react": ">=16.8",
        "react-dom": ">=16.8"
      }
    },
    "../node_modules/.pnpm/react@18.3.1/node_modules/react": {
      "version": "18.3.1",
      "license": "MIT",
      "dependencies": {
        "loose-envify": "^1.1.0"
      },
      "engines": {
        "node": ">=0.10.0"
      }
    },
    "../node_modules/.pnpm/recharts@2.15.4_react-dom@18.3.1_react@18.3.1__react@18.3.1/node_modules/recharts": {
      "version": "2.15.4",
      "license": "MIT",
      "dependencies": {
        "clsx": "^2.0.0",
        "eventemitter3": "^4.0.1",
        "lodash": "^4.17.21",
        "react-is": "^18.3.1",
        "react-smooth": "^4.0.4",
        "recharts-scale": "^0.4.4",
        "tiny-invariant": "^1.3.1",
        "victory-vendor": "^36.6.8"
      },
      "devDependencies": {
        "@babel/cli": "^7.23.0",
        "@babel/core": "^7.23.2",
        "@babel/plugin-proposal-export-default-from": "^7.22.17",
        "@babel/plugin-proposal-function-bind": "^7.22.5",
        "@babel/plugin-transform-runtime": "^7.23.2",
        "@babel/preset-env": "^7.23.2",
        "@babel/preset-react": "^7.22.15",
        "@babel/preset-typescript": "^7.23.2",
        "@babel/runtime": "^7.27.6",
        "@storybook/addon-a11y": "^8.1.2",
        "@storybook/addon-docs": "^8.1.2",
        "@storybook/addon-essentials": "^8.1.2",
        "@storybook/addon-interactions": "^8.1.2",
        "@storybook/addon-links": "^8.1.2",
        "@storybook/addon-mdx-gfm": "^8.1.2",
        "@storybook/addon-storysource": "^8.1.2",
        "@storybook/addon-webpack5-compiler-swc": "^1.0.2",
        "@storybook/manager-api": "^8.1.2",
        "@storybook/react": "^8.1.2",
        "@storybook/react-webpack5": "^8.1.2",
        "@storybook/source-loader": "^8.1.2",
        "@storybook/test-runner": "^0.18.0",
        "@storybook/theming": "^8.1.2",
        "@testing-library/jest-dom": "^6.4.5",
        "@testing-library/react": "^15.0.7",
        "@testing-library/user-event": "^14.5.2",
        "@types/d3-interpolate": "^3.0.1",
        "@types/d3-shape": "^3.1.0",
        "@types/d3-time-format": "^4.0.0",
        "@types/lodash": "^4.14.144",
        "@types/node": "^14.18.34",
        "@types/react": "^18.3.3",
        "@types/react-dom": "^18.3.0",
        "@types/react-is": "^18.3.0",
        "@types/react-router-dom": "^5.1.7",
        "@typescript-eslint/eslint-plugin": "^4.33.0",
        "@typescript-eslint/parser": "^4.33.0",
        "@vitejs/plugin-react": "^4.0.4",
        "@vitest/coverage-v8": "^0.34.6",
        "babel-loader": "^9.1.3",
        "babel-plugin-dev-expression": "^0.2.3",
        "babel-plugin-lodash": "^3.3.4",
        "browserslist": "^4.21.0",
        "chromatic": "^11.4.0",
        "concurrently": "^7.6.0",
        "cross-env": "^7.0.3",
        "d3-scale-chromatic": "^3.0.0",
        "d3-time": "^3.1.0",
        "d3-time-format": "^4.1.0",
        "eslint": "^7.32.0",
        "eslint-config-airbnb": "^18.2.1",
        "eslint-config-prettier": "^7.2.0",
        "eslint-plugin-import": "^2.26.0",
        "eslint-plugin-jsx-a11y": "^6.6.1",
        "eslint-plugin-prettier": "^3.1.2",
        "eslint-plugin-react": "^7.31.11",
        "eslint-plugin-react-hooks": "^4.6.0",
        "eslint-plugin-storybook": "^0.6.15",
        "husky": "^8.0.2",
        "jsdom": "^22.1.0",
        "lint-staged": "^13.2.2",
        "prettier": "^2.2.1",
        "react": "^18.3.1",
        "react-dom": "^18.3.1",
        "react-router-dom": "^5.1.2",
        "rimraf": "^3.0.2",
        "storybook": "^8.1.2",
        "terser-webpack-plugin": "^5.1.1",
        "ts-loader": "^8.0.12",
        "typescript": "4.9.5",
        "update-browserslist-db": "^1.0.10",
        "vitest": "^0.34.5",
        "vitest-axe": "^0.1.0",
        "webpack": "^5.65.0",
        "webpack-bundle-analyzer": "^4.4.0",
        "webpack-cli": "^4.9.0",
        "webpack-dev-server": "^4.6.0"
      },
      "engines": {
        "node": ">=14"
      },
      "peerDependencies": {
        "react": "^16.0.0 || ^17.0.0 || ^18.0.0 || ^19.0.0",
        "react-dom": "^16.0.0 || ^17.0.0 || ^18.0.0 || ^19.0.0"
      }
    },
    "../node_modules/.pnpm/sonner@2.0.7_react-dom@18.3.1_react@18.3.1__react@18.3.1/node_modules/sonner": {
      "version": "2.0.7",
      "license": "MIT",
      "devDependencies": {
        "@playwright/test": "^1.49.1",
        "@types/node": "^18.11.13",
        "@types/react": "^18.0.26",
        "bunchee": "6.3.3",
        "prettier": "^2.8.4",
        "react": "^18.2.0",
        "react-dom": "^18.2.0",
        "turbo": "1.6",
        "typescript": "^4.8.4"
      },
      "peerDependencies": {
        "react": "^18.0.0 || ^19.0.0 || ^19.0.0-rc",
        "react-dom": "^18.0.0 || ^19.0.0 || ^19.0.0-rc"
      }
    },
    "../node_modules/.pnpm/tailwindcss@3.4.19/node_modules/tailwindcss": {
      "version": "3.4.19",
      "dev": true,
      "license": "MIT",
      "dependencies": {
        "@alloc/quick-lru": "^5.2.0",
        "arg": "^5.0.2",
        "chokidar": "^3.6.0",
        "didyoumean": "^1.2.2",
        "dlv": "^1.1.3",
        "fast-glob": "^3.3.2",
        "glob-parent": "^6.0.2",
        "is-glob": "^4.0.3",
        "jiti": "^1.21.7",
        "lilconfig": "^3.1.3",
        "micromatch": "^4.0.8",
        "normalize-path": "^3.0.0",
        "object-hash": "^3.0.0",
        "picocolors": "^1.1.1",
        "postcss": "^8.4.47",
        "postcss-import": "^15.1.0",
        "postcss-js": "^4.0.1",
        "postcss-load-config": "^4.0.2 || ^5.0 || ^6.0",
        "postcss-nested": "^6.2.0",
        "postcss-selector-parser": "^6.1.2",
        "resolve": "^1.22.8",
        "sucrase": "^3.35.0"
      },
      "bin": {
        "tailwind": "lib/cli.js",
        "tailwindcss": "lib/cli.js"
      },
      "devDependencies": {
        "@swc/cli": "0.1.62",
        "@swc/core": "1.3.55",
        "@swc/jest": "0.2.26",
        "@swc/register": "0.1.10",
        "autoprefixer": "^10.4.20",
        "browserslist": "^4.24.0",
        "concurrently": "^8.2.2",
        "cssnano": "^6.1.2",
        "esbuild": "^0.24.0",
        "eslint": "^8.57.1",
        "eslint-config-prettier": "^8.10.0",
        "eslint-plugin-prettier": "^4.2.1",
        "jest": "^29.7.0",
        "jest-diff": "^29.7.0",
        "lightningcss": "1.27.0",
        "prettier": "^2.8.8",
        "rimraf": "^5.0.10",
        "source-map-js": "^1.2.1",
        "turbo": "^1.13.4"
      },
      "engines": {
        "node": ">=14.0.0"
      }
    },
    "../node_modules/.pnpm/vite@5.4.21/node_modules/vite": {
      "version": "5.4.21",
      "dev": true,
      "license": "MIT",
      "dependencies": {
        "esbuild": "^0.21.3",
        "postcss": "^8.4.43",
        "rollup": "^4.20.0"
      },
      "bin": {
        "vite": "bin/vite.js"
      },
      "devDependencies": {
        "@ampproject/remapping": "^2.3.0",
        "@babel/parser": "^7.25.6",
        "@jridgewell/trace-mapping": "^0.3.25",
        "@polka/compression": "^1.0.0-next.25",
        "@rollup/plugin-alias": "^5.1.0",
        "@rollup/plugin-commonjs": "^26.0.1",
        "@rollup/plugin-dynamic-import-vars": "^2.1.2",
        "@rollup/plugin-json": "^6.1.0",
        "@rollup/plugin-node-resolve": "15.2.3",
        "@rollup/pluginutils": "^5.1.0",
        "@types/escape-html": "^1.0.4",
        "@types/pnpapi": "^0.0.5",
        "artichokie": "^0.2.1",
        "cac": "^6.7.14",
        "chokidar": "^3.6.0",
        "connect": "^3.7.0",
        "convert-source-map": "^2.0.0",
        "cors": "^2.8.5",
        "cross-spawn": "^7.0.3",
        "debug": "^4.3.6",
        "dep-types": "link:./src/types",
        "dotenv": "^16.4.5",
        "dotenv-expand": "^11.0.6",
        "es-module-lexer": "^1.5.4",
        "escape-html": "^1.0.3",
        "estree-walker": "^3.0.3",
        "etag": "^1.8.1",
        "fast-glob": "^3.3.2",
        "http-proxy": "^1.18.1",
        "launch-editor-middleware": "^2.9.1",
        "lightningcss": "^1.26.0",
        "magic-string": "^0.30.11",
        "micromatch": "^4.0.8",
        "mlly": "^1.7.1",
        "mrmime": "^2.0.0",
        "open": "^8.4.2",
        "parse5": "^7.1.2",
        "pathe": "^1.1.2",
        "periscopic": "^4.0.2",
        "picocolors": "^1.0.1",
        "picomatch": "^2.3.1",
        "postcss-import": "^16.1.0",
        "postcss-load-config": "^4.0.2",
        "postcss-modules": "^6.0.0",
        "resolve.exports": "^2.0.2",
        "rollup-plugin-dts": "^6.1.1",
        "rollup-plugin-esbuild": "^6.1.1",
        "rollup-plugin-license": "^3.5.2",
        "sass": "^1.77.8",
        "sass-embedded": "^1.77.8",
        "sirv": "^2.0.4",
        "source-map-support": "^0.5.21",
        "strip-ansi": "^7.1.0",
        "strip-literal": "^2.1.0",
        "tsconfck": "^3.1.4",
        "tslib": "^2.7.0",
        "types": "link:./types",
        "ufo": "^1.5.4",
        "ws": "^8.18.0"
      },
      "engines": {
        "node": "^18.0.0 || >=20.0.0"
      },
      "funding": {
        "url": "https://github.com/vitejs/vite?sponsor=1"
      },
      "optionalDependencies": {
        "fsevents": "~2.3.3"
      },
      "peerDependencies": {
        "@types/node": "^18.0.0 || >=20.0.0",
        "less": "*",
        "lightningcss": "^1.21.0",
        "sass": "*",
        "sass-embedded": "*",
        "stylus": "*",
        "sugarss": "*",
        "terser": "^5.4.0"
      },
      "peerDependenciesMeta": {
        "@types/node": {
          "optional": true
        },
        "less": {
          "optional": true
        },
        "lightningcss": {
          "optional": true
        },
        "sass": {
          "optional": true
        },
        "sass-embedded": {
          "optional": true
        },
        "stylus": {
          "optional": true
        },
        "sugarss": {
          "optional": true
        },
        "terser": {
          "optional": true
        }
      }
    },
    "node_modules/@tanstack/react-query": {
      "resolved": "../node_modules/.pnpm/@tanstack+react-query@5.100.10_react@18.3.1/node_modules/@tanstack/react-query",
      "link": true
    },
    "node_modules/@vitejs/plugin-react": {
      "resolved": "../node_modules/.pnpm/@vitejs+plugin-react@4.7.0_vite@5.4.21/node_modules/@vitejs/plugin-react",
      "link": true
    },
    "node_modules/adler-32": {
      "version": "1.3.1",
      "resolved": "https://registry.npmjs.org/adler-32/-/adler-32-1.3.1.tgz",
      "integrity": "sha512-ynZ4w/nUUv5rrsR8UUGoe1VC9hZj6V5hU9Qw1HlMDJGEJw5S7TfTErWTjMys6M7vr0YWcPqs3qAr4ss0nDfP+A==",
      "license": "Apache-2.0",
      "engines": {
        "node": ">=0.8"
      }
    },
    "node_modules/autoprefixer": {
      "resolved": "../node_modules/.pnpm/autoprefixer@10.5.0_postcss@8.5.14/node_modules/autoprefixer",
      "link": true
    },
    "node_modules/axios": {
      "resolved": "../node_modules/.pnpm/axios@1.16.1/node_modules/axios",
      "link": true
    },
    "node_modules/cfb": {
      "version": "1.2.2",
      "resolved": "https://registry.npmjs.org/cfb/-/cfb-1.2.2.tgz",
      "integrity": "sha512-KfdUZsSOw19/ObEWasvBP/Ac4reZvAGauZhs6S/gqNhXhI7cKwvlH7ulj+dOEYnca4bm4SGo8C1bTAQvnTjgQA==",
      "license": "Apache-2.0",
      "dependencies": {
        "adler-32": "~1.3.0",
        "crc-32": "~1.2.0"
      },
      "engines": {
        "node": ">=0.8"
      }
    },
    "node_modules/codepage": {
      "version": "1.15.0",
      "resolved": "https://registry.npmjs.org/codepage/-/codepage-1.15.0.tgz",
      "integrity": "sha512-3g6NUTPd/YtuuGrhMnOMRjFc+LJw/bnMp3+0r/Wcz3IXUuCosKRJvMphm5+Q+bvTVGcJJuRvVLuYba+WojaFaA==",
      "license": "Apache-2.0",
      "engines": {
        "node": ">=0.8"
      }
    },
    "node_modules/crc-32": {
      "version": "1.2.2",
      "resolved": "https://registry.npmjs.org/crc-32/-/crc-32-1.2.2.tgz",
      "integrity": "sha512-ROmzCKrTnOwybPcJApAA6WBWij23HVfGVNKqqrZpuyZOHqK2CwHSvpGuyt/UNNvaIjEd8X5IFGp4Mh+Ie1IHJQ==",
      "license": "Apache-2.0",
      "bin": {
        "crc32": "bin/crc32.njs"
      },
      "engines": {
        "node": ">=0.8"
      }
    },
    "node_modules/frac": {
      "version": "1.1.2",
      "resolved": "https://registry.npmjs.org/frac/-/frac-1.1.2.tgz",
      "integrity": "sha512-w/XBfkibaTl3YDqASwfDUqkna4Z2p9cFSr1aHDt0WoMTECnRfBOv2WArlZILlqgWlmdIlALXGpM2AOhEk5W3IA==",
      "license": "Apache-2.0",
      "engines": {
        "node": ">=0.8"
      }
    },
    "node_modules/lucide-react": {
      "resolved": "../node_modules/.pnpm/lucide-react@0.447.0_react@18.3.1/node_modules/lucide-react",
      "link": true
    },
    "node_modules/postcss": {
      "resolved": "../node_modules/.pnpm/postcss@8.5.14/node_modules/postcss",
      "link": true
    },
    "node_modules/react": {
      "resolved": "../node_modules/.pnpm/react@18.3.1/node_modules/react",
      "link": true
    },
    "node_modules/react-barcode": {
      "resolved": "../node_modules/.pnpm/react-barcode@1.6.1_react@18.3.1/node_modules/react-barcode",
      "link": true
    },
    "node_modules/react-dom": {
      "resolved": "../node_modules/.pnpm/react-dom@18.3.1_react@18.3.1/node_modules/react-dom",
      "link": true
    },
    "node_modules/react-hot-toast": {
      "resolved": "../node_modules/.pnpm/react-hot-toast@2.6.0_react_ded90e1b846baadbbbfd259e63483099/node_modules/react-hot-toast",
      "link": true
    },
    "node_modules/react-router-dom": {
      "resolved": "../node_modules/.pnpm/react-router-dom@6.30.3_rea_8738f2f356869a9d467b32612b8c1bd5/node_modules/react-router-dom",
      "link": true
    },
    "node_modules/recharts": {
      "resolved": "../node_modules/.pnpm/recharts@2.15.4_react-dom@18.3.1_react@18.3.1__react@18.3.1/node_modules/recharts",
      "link": true
    },
    "node_modules/sonner": {
      "resolved": "../node_modules/.pnpm/sonner@2.0.7_react-dom@18.3.1_react@18.3.1__react@18.3.1/node_modules/sonner",
      "link": true
    },
    "node_modules/ssf": {
      "version": "0.11.2",
      "resolved": "https://registry.npmjs.org/ssf/-/ssf-0.11.2.tgz",
      "integrity": "sha512-+idbmIXoYET47hH+d7dfm2epdOMUDjqcB4648sTZ+t2JwoyBFL/insLfB/racrDmsKB3diwsDA696pZMieAC5g==",
      "license": "Apache-2.0",
      "dependencies": {
        "frac": "~1.1.2"
      },
      "engines": {
        "node": ">=0.8"
      }
    },
    "node_modules/tailwindcss": {
      "resolved": "../node_modules/.pnpm/tailwindcss@3.4.19/node_modules/tailwindcss",
      "link": true
    },
    "node_modules/vite": {
      "resolved": "../node_modules/.pnpm/vite@5.4.21/node_modules/vite",
      "link": true
    },
    "node_modules/wmf": {
      "version": "1.0.2",
      "resolved": "https://registry.npmjs.org/wmf/-/wmf-1.0.2.tgz",
      "integrity": "sha512-/p9K7bEh0Dj6WbXg4JG0xvLQmIadrner1bi45VMJTfnbVHsc7yIajZyoSoK60/dtVBs12Fm6WkUI5/3WAVsNMw==",
      "license": "Apache-2.0",
      "engines": {
        "node": ">=0.8"
      }
    },
    "node_modules/word": {
      "version": "0.3.0",
      "resolved": "https://registry.npmjs.org/word/-/word-0.3.0.tgz",
      "integrity": "sha512-OELeY0Q61OXpdUfTp+oweA/vtLVg5VDOXh+3he3PNzLGG/y0oylSOC1xRVj0+l4vQ3tj/bB1HVHv1ocXkQceFA==",
      "license": "Apache-2.0",
      "engines": {
        "node": ">=0.8"
      }
    },
    "node_modules/xlsx": {
      "version": "0.18.5",
      "resolved": "https://registry.npmjs.org/xlsx/-/xlsx-0.18.5.tgz",
      "integrity": "sha512-dmg3LCjBPHZnQp5/F/+nnTa+miPJxUXB6vtk42YjBBKayDNagxGEeIdWApkYPOf3Z3pm3k62Knjzp7lMeTEtFQ==",
      "license": "Apache-2.0",
      "dependencies": {
        "adler-32": "~1.3.0",
        "cfb": "~1.2.1",
        "codepage": "~1.15.0",
        "crc-32": "~1.2.1",
        "ssf": "~0.11.2",
        "wmf": "~1.0.1",
        "word": "~0.3.0"
      },
      "bin": {
        "xlsx": "bin/xlsx.njs"
      },
      "engines": {
        "node": ">=0.8"
      }
    }
  }
}
